// !$*UTF8*$!
{
	archiveVersion = 1;
	classes = {
	};
	objectVersion = 56;
	objects = {

/* Begin PBXBuildFile section */
		382E2CEB2935778F005CC473 /* RegisterTask.storyboard in Resources */ = {isa = PBXBuildFile; fileRef = 382E2CEA2935778F005CC473 /* RegisterTask.storyboard */; };
		382E2CEE293577B0005CC473 /* RegisterTaskViewController.swift in Sources */ = {isa = PBXBuildFile; fileRef = 382E2CED293577B0005CC473 /* RegisterTaskViewController.swift */; };
		382E2CF229357A75005CC473 /* TasksTableViewCell.swift in Sources */ = {isa = PBXBuildFile; fileRef = 382E2CF029357A75005CC473 /* TasksTableViewCell.swift */; };
		382E2CF329357A75005CC473 /* TasksTableViewCell.xib in Resources */ = {isa = PBXBuildFile; fileRef = 382E2CF129357A75005CC473 /* TasksTableViewCell.xib */; };
		3872EF3829351D5000F30B98 /* AppDelegate.swift in Sources */ = {isa = PBXBuildFile; fileRef = 3872EF3729351D5000F30B98 /* AppDelegate.swift */; };
		3872EF3A29351D5000F30B98 /* SceneDelegate.swift in Sources */ = {isa = PBXBuildFile; fileRef = 3872EF3929351D5000F30B98 /* SceneDelegate.swift */; };
		3872EF3C29351D5000F30B98 /* HomeViewController.swift in Sources */ = {isa = PBXBuildFile; fileRef = 3872EF3B29351D5000F30B98 /* HomeViewController.swift */; };
		3872EF3F29351D5000F30B98 /* Main.storyboard in Resources */ = {isa = PBXBuildFile; fileRef = 3872EF3D29351D5000F30B98 /* Main.storyboard */; };
		3872EF4129351D5100F30B98 /* Assets.xcassets in Resources */ = {isa = PBXBuildFile; fileRef = 3872EF4029351D5100F30B98 /* Assets.xcassets */; };
		3872EF4429351D5100F30B98 /* LaunchScreen.storyboard in Resources */ = {isa = PBXBuildFile; fileRef = 3872EF4229351D5100F30B98 /* LaunchScreen.storyboard */; };
		38AF99B7293670B400DCB417 /* TaskScreen.storyboard in Resources */ = {isa = PBXBuildFile; fileRef = 38AF99B6293670B400DCB417 /* TaskScreen.storyboard */; };
		38AF99B9293670CB00DCB417 /* TaskScreenViewController.swift in Sources */ = {isa = PBXBuildFile; fileRef = 38AF99B8293670CB00DCB417 /* TaskScreenViewController.swift */; };
		38AF99BC2936724200DCB417 /* Task.swift in Sources */ = {isa = PBXBuildFile; fileRef = 38AF99BB2936724200DCB417 /* Task.swift */; };
		AC044D521F4176D28480AF01 /* Pods_TodoList.framework in Frameworks */ = {isa = PBXBuildFile; fileRef = 7433008C10354E24655A57A1 /* Pods_TodoList.framework */; };
/* End PBXBuildFile section */

/* Begin PBXFileReference section */
		382E2CEA2935778F005CC473 /* RegisterTask.storyboard */ = {isa = PBXFileReference; lastKnownFileType = file.storyboard; path = RegisterTask.storyboard; sourceTree = "<group>"; };
		382E2CED293577B0005CC473 /* RegisterTaskViewController.swift */ = {isa = PBXFileReference; lastKnownFileType = sourcecode.swift; path = RegisterTaskViewController.swift; sourceTree = "<group>"; };
		382E2CF029357A75005CC473 /* TasksTableViewCell.swift */ = {isa = PBXFileReference; lastKnownFileType = sourcecode.swift; path = TasksTableViewCell.swift; sourceTree = "<group>"; };
		382E2CF129357A75005CC473 /* TasksTableViewCell.xib */ = {isa = PBXFileReference; lastKnownFileType = file.xib; path = TasksTableViewCell.xib; sourceTree = "<group>"; };
		3872EF3429351D5000F30B98 /* TodoList.app */ = {isa = PBXFileReference; explicitFileType = wrapper.application; includeInIndex = 0; path = TodoList.app; sourceTree = BUILT_PRODUCTS_DIR; };
		3872EF3729351D5000F30B98 /* AppDelegate.swift */ = {isa = PBXFileReference; lastKnownFileType = sourcecode.swift; path = AppDelegate.swift; sourceTree = "<group>"; };
		3872EF3929351D5000F30B98 /* SceneDelegate.swift */ = {isa = PBXFileReference; lastKnownFileType = sourcecode.swift; path = SceneDelegate.swift; sourceTree = "<group>"; };
		3872EF3B29351D5000F30B98 /* HomeViewController.swift */ = {isa = PBXFileReference; lastKnownFileType = sourcecode.swift; path = HomeViewController.swift; sourceTree = "<group>"; };
		3872EF3E29351D5000F30B98 /* Base */ = {isa = PBXFileReference; lastKnownFileType = file.storyboard; name = Base; path = Base.lproj/Main.storyboard; sourceTree = "<group>"; };
		3872EF4029351D5100F30B98 /* Assets.xcassets */ = {isa = PBXFileReference; lastKnownFileType = folder.assetcatalog; path = Assets.xcassets; sourceTree = "<group>"; };
		3872EF4329351D5100F30B98 /* Base */ = {isa = PBXFileReference; lastKnownFileType = file.storyboard; name = Base; path = Base.lproj/LaunchScreen.storyboard; sourceTree = "<group>"; };
		3872EF4529351D5100F30B98 /* Info.plist */ = {isa = PBXFileReference; lastKnownFileType = text.plist.xml; path = Info.plist; sourceTree = "<group>"; };
		38AF99B6293670B400DCB417 /* TaskScreen.storyboard */ = {isa = PBXFileReference; lastKnownFileType = file.storyboard; path = TaskScreen.storyboard; sourceTree = "<group>"; };
		38AF99B8293670CB00DCB417 /* TaskScreenViewController.swift */ = {isa = PBXFileReference; lastKnownFileType = sourcecode.swift; path = TaskScreenViewController.swift; sourceTree = "<group>"; };
		38AF99BB2936724200DCB417 /* Task.swift */ = {isa = PBXFileReference; lastKnownFileType = sourcecode.swift; path = Task.swift; sourceTree = "<group>"; };
		7433008C10354E24655A57A1 /* Pods_TodoList.framework */ = {isa = PBXFileReference; explicitFileType = wrapper.framework; includeInIndex = 0; path = Pods_TodoList.framework; sourceTree = BUILT_PRODUCTS_DIR; };
		E88A08BA346A108FCBF30D6C /* Pods-TodoList.release.xcconfig */ = {isa = PBXFileReference; includeInIndex = 1; lastKnownFileType = text.xcconfig; name = "Pods-TodoList.release.xcconfig"; path = "Target Support Files/Pods-TodoList/Pods-TodoList.release.xcconfig"; sourceTree = "<group>"; };
		ED9CF0363AD6C2AB38F44A3F /* Pods-TodoList.debug.xcconfig */ = {isa = PBXFileReference; includeInIndex = 1; lastKnownFileType = text.xcconfig; name = "Pods-TodoList.debug.xcconfig"; path = "Target Support Files/Pods-TodoList/Pods-TodoList.debug.xcconfig"; sourceTree = "<group>"; };
/* End PBXFileReference section */

/* Begin PBXFrameworksBuildPhase section */
		3872EF3129351D5000F30B98 /* Frameworks */ = {
			isa = PBXFrameworksBuildPhase;
			buildActionMask = 2147483647;
			files = (
				AC044D521F4176D28480AF01 /* Pods_TodoList.framework in Frameworks */,
			);
			runOnlyForDeploymentPostprocessing = 0;
		};
/* End PBXFrameworksBuildPhase section */

/* Begin PBXGroup section */
		382E2CEF29357A4D005CC473 /* Cell */ = {
			isa = PBXGroup;
			children = (
				382E2CF029357A75005CC473 /* TasksTableViewCell.swift */,
				382E2CF129357A75005CC473 /* TasksTableViewCell.xib */,
			);
			path = Cell;
			sourceTree = "<group>";
		};
		383CBD9929351E4B0004D859 /* src */ = {
			isa = PBXGroup;
			children = (
				38AF99BA2936722C00DCB417 /* Model */,
				382E2CEF29357A4D005CC473 /* Cell */,
				383CBDA029352A270004D859 /* Views */,
				383CBD9A29351E660004D859 /* Controllers */,
				3872EF3729351D5000F30B98 /* AppDelegate.swift */,
				3872EF3929351D5000F30B98 /* SceneDelegate.swift */,
				3872EF4029351D5100F30B98 /* Assets.xcassets */,
				3872EF4229351D5100F30B98 /* LaunchScreen.storyboard */,
			);
			path = src;
			sourceTree = "<group>";
		};
		383CBD9A29351E660004D859 /* Controllers */ = {
			isa = PBXGroup;
			children = (
				3872EF3B29351D5000F30B98 /* HomeViewController.swift */,
				38AF99B8293670CB00DCB417 /* TaskScreenViewController.swift */,
				382E2CED293577B0005CC473 /* RegisterTaskViewController.swift */,
			);
			path = Controllers;
			sourceTree = "<group>";
		};
		383CBDA029352A270004D859 /* Views */ = {
			isa = PBXGroup;
			children = (
				3872EF3D29351D5000F30B98 /* Main.storyboard */,
				38AF99B6293670B400DCB417 /* TaskScreen.storyboard */,
				382E2CEA2935778F005CC473 /* RegisterTask.storyboard */,
			);
			path = Views;
			sourceTree = "<group>";
		};
		3872EF2B29351D5000F30B98 = {
			isa = PBXGroup;
			children = (
				3872EF3629351D5000F30B98 /* TodoList */,
				3872EF3529351D5000F30B98 /* Products */,
				B90CB0C44F0BE7E1A54A2F30 /* Pods */,
				A5FB9BB7470F4D2F6B8D9D17 /* Frameworks */,
			);
			sourceTree = "<group>";
		};
		3872EF3529351D5000F30B98 /* Products */ = {
			isa = PBXGroup;
			children = (
				3872EF3429351D5000F30B98 /* TodoList.app */,
			);
			name = Products;
			sourceTree = "<group>";
		};
		3872EF3629351D5000F30B98 /* TodoList */ = {
			isa = PBXGroup;
			children = (
				383CBD9929351E4B0004D859 /* src */,
				3872EF4529351D5100F30B98 /* Info.plist */,
			);
			path = TodoList;
			sourceTree = "<group>";
		};
		38AF99BA2936722C00DCB417 /* Model */ = {
			isa = PBXGroup;
			children = (
				38AF99BB2936724200DCB417 /* Task.swift */,
			);
			path = Model;
			sourceTree = "<group>";
		};
		A5FB9BB7470F4D2F6B8D9D17 /* Frameworks */ = {
			isa = PBXGroup;
			children = (
				7433008C10354E24655A57A1 /* Pods_TodoList.framework */,
			);
			name = Frameworks;
			sourceTree = "<group>";
		};
		B90CB0C44F0BE7E1A54A2F30 /* Pods */ = {
			isa = PBXGroup;
			children = (
				ED9CF0363AD6C2AB38F44A3F /* Pods-TodoList.debug.xcconfig */,
				E88A08BA346A108FCBF30D6C /* Pods-TodoList.release.xcconfig */,
			);
			path = Pods;
			sourceTree = "<group>";
		};
/* End PBXGroup section */

/* Begin PBXNativeTarget section */
		3872EF3329351D5000F30B98 /* TodoList */ = {
			isa = PBXNativeTarget;
			buildConfigurationList = 3872EF4829351D5100F30B98 /* Build configuration list for PBXNativeTarget "TodoList" */;
			buildPhases = (
				ED572E1715BB1FA5DCB27577 /* [CP] Check Pods Manifest.lock */,
				3872EF3029351D5000F30B98 /* Sources */,
				3872EF3129351D5000F30B98 /* Frameworks */,
				3872EF3229351D5000F30B98 /* Resources */,
			);
			buildRules = (
			);
			dependencies = (
			);
			name = TodoList;
			productName = TodoList;
			productReference = 3872EF3429351D5000F30B98 /* TodoList.app */;
			productType = "com.apple.product-type.application";
		};
/* End PBXNativeTarget section */

/* Begin PBXProject section */
		3872EF2C29351D5000F30B98 /* Project object */ = {
			isa = PBXProject;
			attributes = {
				BuildIndependentTargetsInParallel = 1;
				LastSwiftUpdateCheck = 1410;
				LastUpgradeCheck = 1410;
				TargetAttributes = {
					3872EF3329351D5000F30B98 = {
						CreatedOnToolsVersion = 14.1;
					};
				};
			};
			buildConfigurationList = 3872EF2F29351D5000F30B98 /* Build configuration list for PBXProject "TodoList" */;
			compatibilityVersion = "Xcode 14.0";
			developmentRegion = en;
			hasScannedForEncodings = 0;
			knownRegions = (
				en,
				Base,
			);
			mainGroup = 3872EF2B29351D5000F30B98;
			productRefGroup = 3872EF3529351D5000F30B98 /* Products */;
			projectDirPath = "";
			projectRoot = "";
			targets = (
				3872EF3329351D5000F30B98 /* TodoList */,
			);
		};
/* End PBXProject section */

/* Begin PBXResourcesBuildPhase section */
		3872EF3229351D5000F30B98 /* Resources */ = {
			isa = PBXResourcesBuildPhase;
			buildActionMask = 2147483647;
			files = (
				3872EF4429351D5100F30B98 /* LaunchScreen.storyboard in Resources */,
				382E2CEB2935778F005CC473 /* RegisterTask.storyboard in Resources */,
				382E2CF329357A75005CC473 /* TasksTableViewCell.xib in Resources */,
				38AF99B7293670B400DCB417 /* TaskScreen.storyboard in Resources */,
				3872EF4129351D5100F30B98 /* Assets.xcassets in Resources */,
				3872EF3F29351D5000F30B98 /* Main.storyboard in Resources */,
			);
			runOnlyForDeploymentPostprocessing = 0;
		};
/* End PBXResourcesBuildPhase section */

/* Begin PBXShellScriptBuildPhase section */
		ED572E1715BB1FA5DCB27577 /* [CP] Check Pods Manifest.lock */ = {
			isa = PBXShellScriptBuildPhase;
			buildActionMask = 2147483647;
			files = (
			);
			inputFileListPaths = (
			);
			inputPaths = (
				"${PODS_PODFILE_DIR_PATH}/Podfile.lock",
				"${PODS_ROOT}/Manifest.lock",
			);
			name = "[CP] Check Pods Manifest.lock";
			outputFileListPaths = (
			);
			outputPaths = (
				"$(DERIVED_FILE_DIR)/Pods-TodoList-checkManifestLockResult.txt",
			);
			runOnlyForDeploymentPostprocessing = 0;
			shellPath = /bin/sh;
			shellScript = "diff \"${PODS_PODFILE_DIR_PATH}/Podfile.lock\" \"${PODS_ROOT}/Manifest.lock\" > /dev/null\nif [ $? != 0 ] ; then\n    # print error to STDERR\n    echo \"error: The sandbox is not in sync with the Podfile.lock. Run 'pod install' or update your CocoaPods installation.\" >&2\n    exit 1\nfi\n# This output is used by Xcode 'outputs' to avoid re-running this script phase.\necho \"SUCCESS\" > \"${SCRIPT_OUTPUT_FILE_0}\"\n";
			showEnvVarsInLog = 0;
		};
/* End PBXShellScriptBuildPhase section */

/* Begin PBXSourcesBuildPhase section */
		3872EF3029351D5000F30B98 /* Sources */ = {
			isa = PBXSourcesBuildPhase;
			buildActionMask = 2147483647;
			files = (
				3872EF3C29351D5000F30B98 /* HomeViewController.swift in Sources */,
				382E2CF229357A75005CC473 /* TasksTableViewCell.swift in Sources */,
				3872EF3829351D5000F30B98 /* AppDelegate.swift in Sources */,
				382E2CEE293577B0005CC473 /* RegisterTaskViewController.swift in Sources */,
				3872EF3A29351D5000F30B98 /* SceneDelegate.swift in Sources */,
				38AF99BC2936724200DCB417 /* Task.swift in Sources */,
				38AF99B9293670CB00DCB417 /* TaskScreenViewController.swift in Sources */,
			);
			runOnlyForDeploymentPostprocessing = 0;
		};
/* End PBXSourcesBuildPhase section */

/* Begin PBXVariantGroup section */
		3872EF3D29351D5000F30B98 /* Main.storyboard */ = {
			isa = PBXVariantGroup;
			children = (
				3872EF3E29351D5000F30B98 /* Base */,
			);
			name = Main.storyboard;
			sourceTree = "<group>";
		};
		3872EF4229351D5100F30B98 /* LaunchScreen.storyboard */ = {
			isa = PBXVariantGroup;
			children = (
				3872EF4329351D5100F30B98 /* Base */,
			);
			name = LaunchScreen.storyboard;
			sourceTree = "<group>";
		};
/* End PBXVariantGroup section */

/* Begin XCBuildConfiguration section */
		3872EF4629351D5100F30B98 /* Debug */ = {
			isa = XCBuildConfiguration;
			buildSettings = {
				ALWAYS_SEARCH_USER_PATHS = NO;
				CLANG_ANALYZER_NONNULL = YES;
				CLANG_ANALYZER_NUMBER_OBJECT_CONVERSION = YES_AGGRESSIVE;
				CLANG_CXX_LANGUAGE_STANDARD = "gnu++20";
				CLANG_ENABLE_MODULES = YES;
				CLANG_ENABLE_OBJC_ARC = YES;
				CLANG_ENABLE_OBJC_WEAK = YES;
				CLANG_WARN_BLOCK_CAPTURE_AUTORELEASING = YES;
				CLANG_WARN_BOOL_CONVERSION = YES;
				CLANG_WARN_COMMA = YES;
				CLANG_WARN_CONSTANT_CONVERSION = YES;
				CLANG_WARN_DEPRECATED_OBJC_IMPLEMENTATIONS = YES;
				CLANG_WARN_DIRECT_OBJC_ISA_USAGE = YES_ERROR;
				CLANG_WARN_DOCUMENTATION_COMMENTS = YES;
				CLANG_WARN_EMPTY_BODY = YES;
				CLANG_WARN_ENUM_CONVERSION = YES;
				CLANG_WARN_INFINITE_RECURSION = YES;
				CLANG_WARN_INT_CONVERSION = YES;
				CLANG_WARN_NON_LITERAL_NULL_CONVERSION = YES;
				CLANG_WARN_OBJC_IMPLICIT_RETAIN_SELF = YES;
				CLANG_WARN_OBJC_LITERAL_CONVERSION = YES;
				CLANG_WARN_OBJC_ROOT_CLASS = YES_ERROR;
				CLANG_WARN_QUOTED_INCLUDE_IN_FRAMEWORK_HEADER = YES;
				CLANG_WARN_RANGE_LOOP_ANALYSIS = YES;
				CLANG_WARN_STRICT_PROTOTYPES = YES;
				CLANG_WARN_SUSPICIOUS_MOVE = YES;
				CLANG_WARN_UNGUARDED_AVAILABILITY = YES_AGGRESSIVE;
				CLANG_WARN_UNREACHABLE_CODE = YES;
				CLANG_WARN__DUPLICATE_METHOD_MATCH = YES;
				COPY_PHASE_STRIP = NO;
				DEBUG_INFORMATION_FORMAT = dwarf;
				ENABLE_STRICT_OBJC_MSGSEND = YES;
				ENABLE_TESTABILITY = YES;
				GCC_C_LANGUAGE_STANDARD = gnu11;
				GCC_DYNAMIC_NO_PIC = NO;
				GCC_NO_COMMON_BLOCKS = YES;
				GCC_OPTIMIZATION_LEVEL = 0;
				GCC_PREPROCESSOR_DEFINITIONS = (
					"DEBUG=1",
					"$(inherited)",
				);
				GCC_WARN_64_TO_32_BIT_CONVERSION = YES;
				GCC_WARN_ABOUT_RETURN_TYPE = YES_ERROR;
				GCC_WARN_UNDECLARED_SELECTOR = YES;
				GCC_WARN_UNINITIALIZED_AUTOS = YES_AGGRESSIVE;
				GCC_WARN_UNUSED_FUNCTION = YES;
				GCC_WARN_UNUSED_VARIABLE = YES;
				IPHONEOS_DEPLOYMENT_TARGET = 16.1;
				MTL_ENABLE_DEBUG_INFO = INCLUDE_SOURCE;
				MTL_FAST_MATH = YES;
				ONLY_ACTIVE_ARCH = YES;
				SDKROOT = iphoneos;
				SWIFT_ACTIVE_COMPILATION_CONDITIONS = DEBUG;
				SWIFT_OPTIMIZATION_LEVEL = "-Onone";
			};
			name = Debug;
		};
		3872EF4729351D5100F30B98 /* Release */ = {
			isa = XCBuildConfiguration;
			buildSettings = {
				ALWAYS_SEARCH_USER_PATHS = NO;
				CLANG_ANALYZER_NONNULL = YES;
				CLANG_ANALYZER_NUMBER_OBJECT_CONVERSION = YES_AGGRESSIVE;
				CLANG_CXX_LANGUAGE_STANDARD = "gnu++20";
				CLANG_ENABLE_MODULES = YES;
				CLANG_ENABLE_OBJC_ARC = YES;
				CLANG_ENABLE_OBJC_WEAK = YES;
				CLANG_WARN_BLOCK_CAPTURE_AUTORELEASING = YES;
				CLANG_WARN_BOOL_CONVERSION = YES;
				CLANG_WARN_COMMA = YES;
				CLANG_WARN_CONSTANT_CONVERSION = YES;
				CLANG_WARN_DEPRECATED_OBJC_IMPLEMENTATIONS = YES;
				CLANG_WARN_DIRECT_OBJC_ISA_USAGE = YES_ERROR;
				CLANG_WARN_DOCUMENTATION_COMMENTS = YES;
				CLANG_WARN_EMPTY_BODY = YES;
				CLANG_WARN_ENUM_CONVERSION = YES;
				CLANG_WARN_INFINITE_RECURSION = YES;
				CLANG_WARN_INT_CONVERSION = YES;
				CLANG_WARN_NON_LITERAL_NULL_CONVERSION = YES;
				CLANG_WARN_OBJC_IMPLICIT_RETAIN_SELF = YES;
				CLANG_WARN_OBJC_LITERAL_CONVERSION = YES;
				CLANG_WARN_OBJC_ROOT_CLASS = YES_ERROR;
				CLANG_WARN_QUOTED_INCLUDE_IN_FRAMEWORK_HEADER = YES;
				CLANG_WARN_RANGE_LOOP_ANALYSIS = YES;
				CLANG_WARN_STRICT_PROTOTYPES = YES;
				CLANG_WARN_SUSPICIOUS_MOVE = YES;
				CLANG_WARN_UNGUARDED_AVAILABILITY = YES_AGGRESSIVE;
				CLANG_WARN_UNREACHABLE_CODE = YES;
				CLANG_WARN__DUPLICATE_METHOD_MATCH = YES;
				COPY_PHASE_STRIP = NO;
				DEBUG_INFORMATION_FORMAT = "dwarf-with-dsym";
				ENABLE_NS_ASSERTIONS = NO;
				ENABLE_STRICT_OBJC_MSGSEND = YES;
				GCC_C_LANGUAGE_STANDARD = gnu11;
				GCC_NO_COMMON_BLOCKS = YES;
				GCC_WARN_64_TO_32_BIT_CONVERSION = YES;
				GCC_WARN_ABOUT_RETURN_TYPE = YES_ERROR;
				GCC_WARN_UNDECLARED_SELECTOR = YES;
				GCC_WARN_UNINITIALIZED_AUTOS = YES_AGGRESSIVE;
				GCC_WARN_UNUSED_FUNCTION = YES;
				GCC_WARN_UNUSED_VARIABLE = YES;
				IPHONEOS_DEPLOYMENT_TARGET = 16.1;
				MTL_ENABLE_DEBUG_INFO = NO;
				MTL_FAST_MATH = YES;
				SDKROOT = iphoneos;
				SWIFT_COMPILATION_MODE = wholemodule;
				SWIFT_OPTIMIZATION_LEVEL = "-O";
				VALIDATE_PRODUCT = YES;
			};
			name = Release;
		};
		3872EF4929351D5100F30B98 /* Debug */ = {
			isa = XCBuildConfiguration;
			baseConfigurationReference = ED9CF0363AD6C2AB38F44A3F /* Pods-TodoList.debug.xcconfig */;
			buildSettings = {
				ASSETCATALOG_COMPILER_APPICON_NAME = AppIcon;
				ASSETCATALOG_COMPILER_GLOBAL_ACCENT_COLOR_NAME = AccentColor;
				CODE_SIGN_STYLE = Automatic;
				CURRENT_PROJECT_VERSION = 1;
				DEVELOPMENT_TEAM = B4R97N34U3;
				GENERATE_INFOPLIST_FILE = YES;
				INFOPLIST_FILE = TodoList/Info.plist;
				INFOPLIST_KEY_UIApplicationSupportsIndirectInputEvents = YES;
				INFOPLIST_KEY_UILaunchStoryboardName = LaunchScreen;
				INFOPLIST_KEY_UIMainStoryboardFile = Main;
				INFOPLIST_KEY_UISupportedInterfaceOrientations_iPad = "UIInterfaceOrientationPortrait UIInterfaceOrientationPortraitUpsideDown UIInterfaceOrientationLandscapeLeft UIInterfaceOrientationLandscapeRight";
				INFOPLIST_KEY_UISupportedInterfaceOrientations_iPhone = "UIInterfaceOrientationPortrait UIInterfaceOrientationLandscapeLeft UIInterfaceOrientationLandscapeRight";
				IPHONEOS_DEPLOYMENT_TARGET = 13.0;
				LD_RUNPATH_SEARCH_PATHS = (
					"$(inherited)",
					"@executable_path/Frameworks",
				);
				MARKETING_VERSION = 1.0;
				PRODUCT_BUNDLE_IDENTIFIER = com.a1.TodoList;
				PRODUCT_NAME = "$(TARGET_NAME)";
				SWIFT_EMIT_LOC_STRINGS = YES;
				SWIFT_VERSION = 5.0;
				TARGETED_DEVICE_FAMILY = "1,2";
			};
			name = Debug;
		};
		3872EF4A29351D5100F30B98 /* Release */ = {
			isa = XCBuildConfiguration;
			baseConfigurationReference = E88A08BA346A108FCBF30D6C /* Pods-TodoList.release.xcconfig */;
			buildSettings = {
				ASSETCATALOG_COMPILER_APPICON_NAME = AppIcon;
				ASSETCATALOG_COMPILER_GLOBAL_ACCENT_COLOR_NAME = AccentColor;
				CODE_SIGN_STYLE = Automatic;
				CURRENT_PROJECT_VERSION = 1;
				DEVELOPMENT_TEAM = B4R97N34U3;
				GENERATE_INFOPLIST_FILE = YES;
				INFOPLIST_FILE = TodoList/Info.plist;
				INFOPLIST_KEY_UIApplicationSupportsIndirectInputEvents = YES;
				INFOPLIST_KEY_UILaunchStoryboardName = LaunchScreen;
				INFOPLIST_KEY_UIMainStoryboardFile = Main;
				INFOPLIST_KEY_UISupportedInterfaceOrientations_iPad = "UIInterfaceOrientationPortrait UIInterfaceOrientationPortraitUpsideDown UIInterfaceOrientationLandscapeLeft UIInterfaceOrientationLandscapeRight";
				INFOPLIST_KEY_UISupportedInterfaceOrientations_iPhone = "UIInterfaceOrientationPortrait UIInterfaceOrientationLandscapeLeft UIInterfaceOrientationLandscapeRight";
				IPHONEOS_DEPLOYMENT_TARGET = 13.0;
				LD_RUNPATH_SEARCH_PATHS = (
					"$(inherited)",
					"@executable_path/Frameworks",
				);
				MARKETING_VERSION = 1.0;
				PRODUCT_BUNDLE_IDENTIFIER = com.a1.TodoList;
				PRODUCT_NAME = "$(TARGET_NAME)";
				SWIFT_EMIT_LOC_STRINGS = YES;
				SWIFT_VERSION = 5.0;
				TARGETED_DEVICE_FAMILY = "1,2";
			};
			name = Release;
		};
/* End XCBuildConfiguration section */

/* Begin XCConfigurationList section */
		3872EF2F29351D5000F30B98 /* Build configuration list for PBXProject "TodoList" */ = {
			isa = XCConfigurationList;
			buildConfigurations = (
				3872EF4629351D5100F30B98 /* Debug */,
				3872EF4729351D5100F30B98 /* Release */,
			);
			defaultConfigurationIsVisible = 0;
			defaultConfigurationName = Release;
		};
		3872EF4829351D5100F30B98 /* Build configuration list for PBXNativeTarget "TodoList" */ = {
			isa = XCConfigurationList;
			buildConfigurations = (
				3872EF4929351D5100F30B98 /* Debug */,
				3872EF4A29351D5100F30B98 /* Release */,
			);
			defaultConfigurationIsVisible = 0;
			defaultConfigurationName = Release;
		};
/* End XCConfigurationList section */
	};
	rootObject = 3872EF2C29351D5000F30B98 /* Project object */;
}
